<?xml version="1.0" encoding="utf-8"?>
<Project ToolsVersion="4.0" xmlns="http://schemas.microsoft.com/developer/msbuild/2003">
  <ItemGroup>
    <Filter Include="Source Files">
      <UniqueIdentifier>{4FC737F1-C7A5-4376-A066-2A32D752A2FF}</UniqueIdentifier>
      <Extensions>cpp;c;cc;cxx;c++;cppm;ixx;def;odl;idl;hpj;bat;asm;asmx</Extensions>
    </Filter>
    <Filter Include="Header Files">
      <UniqueIdentifier>{93995380-89BD-4b04-88EB-625FBE52EBFB}</UniqueIdentifier>
      <Extensions>h;hh;hpp;hxx;h++;hm;inl;inc;ipp;xsd</Extensions>
    </Filter>
    <Filter Include="Resource Files">
      <UniqueIdentifier>{67DA6AB6-F800-4c08-8B7A-83BB121AAD01}</UniqueIdentifier>
      <Extensions>rc;ico;cur;bmp;dlg;rc2;rct;bin;rgs;gif;jpg;jpeg;jpe;resx;tiff;tif;png;wav;mfcribbon-ms</Extensions>
    </Filter>
    <Filter Include="GLSL">
      <UniqueIdentifier>{1587bad3-c094-4bb1-96ee-95a9d37449bd}</UniqueIdentifier>
    </Filter>
    <Filter Include="OFF">
      <UniqueIdentifier>{5f75551e-2c2d-4089-851c-d8bb0ddc4254}</UniqueIdentifier>
    </Filter>
  </ItemGroup>
  <ItemGroup>
    <ClCompile Include="main.cpp">
      <Filter>Source Files</Filter>
    </ClCompile>
    <ClCompile Include="glad.c">
      <Filter>Source Files</Filter>
    </ClCompile>
  </ItemGroup>
  <ItemGroup>
    <None Include="OFF\auto.off">
      <Filter>OFF</Filter>
    </None>
    <None Include="OFF\avion.off">
      <Filter>OFF</Filter>
    </None>
    <None Include="OFF\boxtorus.off">
      <Filter>OFF</Filter>
    </None>
    <None Include="OFF\colorTetrahedron.off">
      <Filter>OFF</Filter>
    </None>
    <None Include="OFF\cube.off">
      <Filter>OFF</Filter>
    </None>
    <None Include="OFF\dragon.off">
      <Filter>OFF</Filter>
    </None>
    <None Include="OFF\epcot.off">
      <Filter>OFF</Filter>
    </None>
    <None Include="OFF\mushroom.off">
      <Filter>OFF</Filter>
    </None>
    <None Include="OFF\teapot.off">
      <Filter>OFF</Filter>
    </None>
    <None Include="OFF\tetrahedron.off">
      <Filter>OFF</Filter>
    </None>
    <None Include="OFF\triangle.off">
      <Filter>OFF</Filter>
    </None>
    <None Include="OFF\texturaCuadrado.off">
      <Filter>OFF</Filter>
    </None>
    <None Include="GLSL\codigo.vs">
      <Filter>GLSL</Filter>
    </None>
    <None Include="GLSL\codigoC.fs">
      <Filter>GLSL</Filter>
    </None>
    <None Include="GLSL\codigoC.vs">
      <Filter>GLSL</Filter>
    </None>
    <None Include="GLSL\codigoT.fs">
      <Filter>GLSL</Filter>
    </None>
    <None Include="GLSL\codigoT.vs">
      <Filter>GLSL</Filter>
    </None>
    <None Include="GLSL\codigo.fs">
      <Filter>GLSL</Filter>
    </None>
    <None Include="OFF\cross.off">
      <Filter>OFF</Filter>
    </None>
    <None Include="OFF\texturaTriangle.off">
      <Filter>OFF</Filter>
    </None>
  </ItemGroup>
  <ItemGroup>
    <ClInclude Include="stb_image.h">
      <Filter>Source Files</Filter>
    </ClInclude>
    <ClInclude Include="modelo.h">
      <Filter>Source Files</Filter>
    </ClInclude>
    <ClInclude Include="pshader.h">
      <Filter>Source Files</Filter>
    </ClInclude>
    <ClInclude Include="transformaciones.hpp">
      <Filter>Source Files</Filter>
    </ClInclude>
  </ItemGroup>
  <ItemGroup>
    <Image Include="wall.jpg">
      <Filter>Source Files</Filter>
    </Image>
  </ItemGroup>
</Project>